# cppup.lock - DO NOT EDIT
# Generated by `cppup package lock`. Run `cppup package sync` to reproduce.
version = 1

[[package]]
name = "googletest"
version = "1.15.0"
source = "git"
url = "https://github.com/google/googletest.git"
git_branch = "v1.15.0"
git_commit = ""
subdirectory = ""
build_system = ""
checksum = ""
dependencies = []
